
Microsoft Visual Studio Solution File, Format Version 12.00
# Visual Studio 15
VisualStudioVersion = 15.0.25807.0
MinimumVisualStudioVersion = 10.0.40219.1
Project("{2150E333-8FDC-42A3-9474-1A3956D46DE8}") = "Engine", "Engine", "{966A2AD5-1D16-411C-9619-754BF0928933}"
EndProject
Project("{2150E333-8FDC-42A3-9474-1A3956D46DE8}") = "Games", "Games", "{11291CC2-1D5F-42C2-9B1E-29CA80A99333}"
EndProject
Project("{8BC9CEB8-8B4A-11D0-8D11-00A0C91BC942}") = "Teardevil", "Intermediate\ProjectFiles\Teardevil.vcxproj", "{3FA383F8-63D8-4E57-A60B-E717AAF9BEA0}"
EndProject
Project("{8BC9CEB8-8B4A-11D0-8D11-00A0C91BC942}") = "UE4", "Intermediate\ProjectFiles\UE4.vcxproj", "{7EA5DDA8-7EA0-4C23-90F1-6EA62F8DB9D5}"
EndProject
Project("{2150E333-8FDC-42A3-9474-1A3956D46DE8}") = "Visualizers", "Visualizers", "{3597C5F9-DD82-4A3E-AD76-C4119E3536D8}"
	ProjectSection(SolutionItems) = preProject
		F:\UE4 4.23.1\UE_4.23\Engine\Extras\VisualStudioDebugging\UE4.natvis = F:\UE4 4.23.1\UE_4.23\Engine\Extras\VisualStudioDebugging\UE4.natvis
	EndProjectSection
EndProject
Global
	GlobalSection(SolutionConfigurationPlatforms) = preSolution
		DebugGame Editor|Win32 = DebugGame Editor|Win32
		DebugGame Editor|Win64 = DebugGame Editor|Win64
		DebugGame|Win32 = DebugGame|Win32
		DebugGame|Win64 = DebugGame|Win64
		Development Editor|Win32 = Development Editor|Win32
		Development Editor|Win64 = Development Editor|Win64
		Development|Win32 = Development|Win32
		Development|Win64 = Development|Win64
		Shipping|Win32 = Shipping|Win32
		Shipping|Win64 = Shipping|Win64
	EndGlobalSection
	GlobalSection(ProjectConfigurationPlatforms) = postSolution
		{3FA383F8-63D8-4E57-A60B-E717AAF9BEA0}.DebugGame Editor|Win32.ActiveCfg = Invalid|Win32
		{3FA383F8-63D8-4E57-A60B-E717AAF9BEA0}.DebugGame Editor|Win64.ActiveCfg = DebugGame_Editor|x64
		{3FA383F8-63D8-4E57-A60B-E717AAF9BEA0}.DebugGame Editor|Win64.Build.0 = DebugGame_Editor|x64
		{3FA383F8-63D8-4E57-A60B-E717AAF9BEA0}.DebugGame|Win32.ActiveCfg = DebugGame|Win32
		{3FA383F8-63D8-4E57-A60B-E717AAF9BEA0}.DebugGame|Win32.Build.0 = DebugGame|Win32
		{3FA383F8-63D8-4E57-A60B-E717AAF9BEA0}.DebugGame|Win64.ActiveCfg = DebugGame|x64
		{3FA383F8-63D8-4E57-A60B-E717AAF9BEA0}.DebugGame|Win64.Build.0 = DebugGame|x64
		{3FA383F8-63D8-4E57-A60B-E717AAF9BEA0}.Development Editor|Win32.ActiveCfg = Invalid|Win32
		{3FA383F8-63D8-4E57-A60B-E717AAF9BEA0}.Development Editor|Win64.ActiveCfg = Development_Editor|x64
		{3FA383F8-63D8-4E57-A60B-E717AAF9BEA0}.Development Editor|Win64.Build.0 = Development_Editor|x64
		{3FA383F8-63D8-4E57-A60B-E717AAF9BEA0}.Development|Win32.ActiveCfg = Development|Win32
		{3FA383F8-63D8-4E57-A60B-E717AAF9BEA0}.Development|Win32.Build.0 = Development|Win32
		{3FA383F8-63D8-4E57-A60B-E717AAF9BEA0}.Development|Win64.ActiveCfg = Development|x64
		{3FA383F8-63D8-4E57-A60B-E717AAF9BEA0}.Development|Win64.Build.0 = Development|x64
		{3FA383F8-63D8-4E57-A60B-E717AAF9BEA0}.Shipping|Win32.ActiveCfg = Shipping|Win32
		{3FA383F8-63D8-4E57-A60B-E717AAF9BEA0}.Shipping|Win32.Build.0 = Shipping|Win32
		{3FA383F8-63D8-4E57-A60B-E717AAF9BEA0}.Shipping|Win64.ActiveCfg = Shipping|x64
		{3FA383F8-63D8-4E57-A60B-E717AAF9BEA0}.Shipping|Win64.Build.0 = Shipping|x64
		{7EA5DDA8-7EA0-4C23-90F1-6EA62F8DB9D5}.DebugGame Editor|Win32.ActiveCfg = BuiltWithUnrealBuildTool|Win32
		{7EA5DDA8-7EA0-4C23-90F1-6EA62F8DB9D5}.DebugGame Editor|Win64.ActiveCfg = BuiltWithUnrealBuildTool|Win32
		{7EA5DDA8-7EA0-4C23-90F1-6EA62F8DB9D5}.DebugGame|Win32.ActiveCfg = BuiltWithUnrealBuildTool|Win32
		{7EA5DDA8-7EA0-4C23-90F1-6EA62F8DB9D5}.DebugGame|Win64.ActiveCfg = BuiltWithUnrealBuildTool|Win32
		{7EA5DDA8-7EA0-4C23-90F1-6EA62F8DB9D5}.Development Editor|Win32.ActiveCfg = BuiltWithUnrealBuildTool|Win32
		{7EA5DDA8-7EA0-4C23-90F1-6EA62F8DB9D5}.Development Editor|Win64.ActiveCfg = BuiltWithUnrealBuildTool|Win32
		{7EA5DDA8-7EA0-4C23-90F1-6EA62F8DB9D5}.Development|Win32.ActiveCfg = BuiltWithUnrealBuildTool|Win32
		{7EA5DDA8-7EA0-4C23-90F1-6EA62F8DB9D5}.Development|Win64.ActiveCfg = BuiltWithUnrealBuildTool|Win32
		{7EA5DDA8-7EA0-4C23-90F1-6EA62F8DB9D5}.Shipping|Win32.ActiveCfg = BuiltWithUnrealBuildTool|Win32
		{7EA5DDA8-7EA0-4C23-90F1-6EA62F8DB9D5}.Shipping|Win64.ActiveCfg = BuiltWithUnrealBuildTool|Win32
	EndGlobalSection
	GlobalSection(SolutionProperties) = preSolution
		HideSolutionNode = FALSE
	EndGlobalSection
	GlobalSection(NestedProjects) = preSolution
		{7EA5DDA8-7EA0-4C23-90F1-6EA62F8DB9D5} = {966A2AD5-1D16-411C-9619-754BF0928933}
		{3FA383F8-63D8-4E57-A60B-E717AAF9BEA0} = {11291CC2-1D5F-42C2-9B1E-29CA80A99333}
	EndGlobalSection
EndGlobal
